
Microsoft Visual Studio Solution File, Format Version 12.00
# Visual Studio Version 16
VisualStudioVersion = 16.0.30611.23
MinimumVisualStudioVersion = 10.0.40219.1
Project("{2150E333-8FDC-42A3-9474-1A3956D46DE8}") = "01. ApiGateway", "01. ApiGateway", "{D3396D0A-A221-42DC-AD22-9530C735FFCD}"
EndProject
Project("{2150E333-8FDC-42A3-9474-1A3956D46DE8}") = "02. Services", "02. Services", "{6B2ED077-E0F7-4A43-B0B3-98320E433F5E}"
EndProject
Project("{2150E333-8FDC-42A3-9474-1A3956D46DE8}") = "03. Common", "03. Common", "{5CF4027A-099C-43D9-8515-1E21E8E61682}"
EndProject
Project("{9A19103F-16F7-4668-BE54-9A1E7A4F7556}") = "Common.Utilities", "src\Common\Common\Common.Utilities.csproj", "{4CC8F7FA-A1C5-4712-9E42-20D4FB741C75}"
EndProject
Project("{9A19103F-16F7-4668-BE54-9A1E7A4F7556}") = "Common.Claims", "src\Common\Common.Claims\Common.Claims.csproj", "{527E13DE-373F-4BD9-B5C4-F99A25917F90}"
EndProject
Project("{2150E333-8FDC-42A3-9474-1A3956D46DE8}") = "01. Product", "01. Product", "{024D8A2E-8B98-41CE-8942-415EA2BF1B97}"
EndProject
Project("{2150E333-8FDC-42A3-9474-1A3956D46DE8}") = "01. Api", "01. Api", "{88DEE8FE-8173-42D8-9DE6-822E8FE4CD9D}"
EndProject
Project("{2150E333-8FDC-42A3-9474-1A3956D46DE8}") = "02. Service", "02. Service", "{E400A069-0354-458C-A8DE-ED8E221214F2}"
EndProject
Project("{2150E333-8FDC-42A3-9474-1A3956D46DE8}") = "03. Persistense", "03. Persistense", "{0DB63D09-E4FB-416A-B3C3-EC1D858D78CC}"
EndProject
Project("{2150E333-8FDC-42A3-9474-1A3956D46DE8}") = "04. Models", "04. Models", "{900ED181-91A4-4D4A-B025-6BC31D9D578B}"
EndProject
Project("{2150E333-8FDC-42A3-9474-1A3956D46DE8}") = "05. Testing", "05. Testing", "{EFFA5EFB-B10F-4E80-B575-CE8A1D75CB0E}"
EndProject
Project("{9A19103F-16F7-4668-BE54-9A1E7A4F7556}") = "ApiGateway", "src\ApiGateway\ApiGateway\ApiGateway.csproj", "{5795688F-912E-4616-B9CE-FECFD2CC48D4}"
EndProject
Project("{9A19103F-16F7-4668-BE54-9A1E7A4F7556}") = "Product.Api", "src\Services\Product\Product.Api\Product.Api.csproj", "{0CDFA760-74D8-445E-95B0-C640DDCD4309}"
EndProject
Project("{9A19103F-16F7-4668-BE54-9A1E7A4F7556}") = "Product.Service", "src\Services\Product\Product.Service\Product.Service.csproj", "{88057651-E224-4D0F-99D8-360A2D0617A1}"
EndProject
Project("{9A19103F-16F7-4668-BE54-9A1E7A4F7556}") = "Product.Persistense.Database", "src\Services\Product\Product.Persistense.Database\Product.Persistense.Database.csproj", "{50EF084D-5494-45EA-882E-6D10BDFC53FD}"
EndProject
Project("{9A19103F-16F7-4668-BE54-9A1E7A4F7556}") = "Product.Domain", "src\Services\Product\Product.Domain\Product.Domain.csproj", "{F661A5BD-3419-4086-9DEC-70B6EF8AFB50}"
EndProject
Project("{9A19103F-16F7-4668-BE54-9A1E7A4F7556}") = "Product.DTOs", "src\Services\Product\Product.DTOs\Product.DTOs.csproj", "{9D7EA5AD-6A8B-4083-B805-7FE4433D69B8}"
EndProject
Project("{9A19103F-16F7-4668-BE54-9A1E7A4F7556}") = "Product.Mappers", "src\Services\Product\Product.Mappers\Product.Mappers.csproj", "{ADF764ED-1C86-47E6-AFF0-C8E87DD2AA33}"
EndProject
Project("{E53339B2-1760-4266-BCC7-CA923CBCF16C}") = "docker-compose", "docker-compose.dcproj", "{C101830F-819E-4EDC-AE72-ACB48878C26D}"
EndProject
Global
	GlobalSection(SolutionConfigurationPlatforms) = preSolution
		Debug|Any CPU = Debug|Any CPU
		Release|Any CPU = Release|Any CPU
	EndGlobalSection
	GlobalSection(ProjectConfigurationPlatforms) = postSolution
		{4CC8F7FA-A1C5-4712-9E42-20D4FB741C75}.Debug|Any CPU.ActiveCfg = Debug|Any CPU
		{4CC8F7FA-A1C5-4712-9E42-20D4FB741C75}.Debug|Any CPU.Build.0 = Debug|Any CPU
		{4CC8F7FA-A1C5-4712-9E42-20D4FB741C75}.Release|Any CPU.ActiveCfg = Release|Any CPU
		{4CC8F7FA-A1C5-4712-9E42-20D4FB741C75}.Release|Any CPU.Build.0 = Release|Any CPU
		{527E13DE-373F-4BD9-B5C4-F99A25917F90}.Debug|Any CPU.ActiveCfg = Debug|Any CPU
		{527E13DE-373F-4BD9-B5C4-F99A25917F90}.Debug|Any CPU.Build.0 = Debug|Any CPU
		{527E13DE-373F-4BD9-B5C4-F99A25917F90}.Release|Any CPU.ActiveCfg = Release|Any CPU
		{527E13DE-373F-4BD9-B5C4-F99A25917F90}.Release|Any CPU.Build.0 = Release|Any CPU
		{5795688F-912E-4616-B9CE-FECFD2CC48D4}.Debug|Any CPU.ActiveCfg = Debug|Any CPU
		{5795688F-912E-4616-B9CE-FECFD2CC48D4}.Debug|Any CPU.Build.0 = Debug|Any CPU
		{5795688F-912E-4616-B9CE-FECFD2CC48D4}.Release|Any CPU.ActiveCfg = Release|Any CPU
		{5795688F-912E-4616-B9CE-FECFD2CC48D4}.Release|Any CPU.Build.0 = Release|Any CPU
		{0CDFA760-74D8-445E-95B0-C640DDCD4309}.Debug|Any CPU.ActiveCfg = Debug|Any CPU
		{0CDFA760-74D8-445E-95B0-C640DDCD4309}.Debug|Any CPU.Build.0 = Debug|Any CPU
		{0CDFA760-74D8-445E-95B0-C640DDCD4309}.Release|Any CPU.ActiveCfg = Release|Any CPU
		{0CDFA760-74D8-445E-95B0-C640DDCD4309}.Release|Any CPU.Build.0 = Release|Any CPU
		{88057651-E224-4D0F-99D8-360A2D0617A1}.Debug|Any CPU.ActiveCfg = Debug|Any CPU
		{88057651-E224-4D0F-99D8-360A2D0617A1}.Debug|Any CPU.Build.0 = Debug|Any CPU
		{88057651-E224-4D0F-99D8-360A2D0617A1}.Release|Any CPU.ActiveCfg = Release|Any CPU
		{88057651-E224-4D0F-99D8-360A2D0617A1}.Release|Any CPU.Build.0 = Release|Any CPU
		{50EF084D-5494-45EA-882E-6D10BDFC53FD}.Debug|Any CPU.ActiveCfg = Debug|Any CPU
		{50EF084D-5494-45EA-882E-6D10BDFC53FD}.Debug|Any CPU.Build.0 = Debug|Any CPU
		{50EF084D-5494-45EA-882E-6D10BDFC53FD}.Release|Any CPU.ActiveCfg = Release|Any CPU
		{50EF084D-5494-45EA-882E-6D10BDFC53FD}.Release|Any CPU.Build.0 = Release|Any CPU
		{F661A5BD-3419-4086-9DEC-70B6EF8AFB50}.Debug|Any CPU.ActiveCfg = Debug|Any CPU
		{F661A5BD-3419-4086-9DEC-70B6EF8AFB50}.Debug|Any CPU.Build.0 = Debug|Any CPU
		{F661A5BD-3419-4086-9DEC-70B6EF8AFB50}.Release|Any CPU.ActiveCfg = Release|Any CPU
		{F661A5BD-3419-4086-9DEC-70B6EF8AFB50}.Release|Any CPU.Build.0 = Release|Any CPU
		{9D7EA5AD-6A8B-4083-B805-7FE4433D69B8}.Debug|Any CPU.ActiveCfg = Debug|Any CPU
		{9D7EA5AD-6A8B-4083-B805-7FE4433D69B8}.Debug|Any CPU.Build.0 = Debug|Any CPU
		{9D7EA5AD-6A8B-4083-B805-7FE4433D69B8}.Release|Any CPU.ActiveCfg = Release|Any CPU
		{9D7EA5AD-6A8B-4083-B805-7FE4433D69B8}.Release|Any CPU.Build.0 = Release|Any CPU
		{ADF764ED-1C86-47E6-AFF0-C8E87DD2AA33}.Debug|Any CPU.ActiveCfg = Debug|Any CPU
		{ADF764ED-1C86-47E6-AFF0-C8E87DD2AA33}.Debug|Any CPU.Build.0 = Debug|Any CPU
		{ADF764ED-1C86-47E6-AFF0-C8E87DD2AA33}.Release|Any CPU.ActiveCfg = Release|Any CPU
		{ADF764ED-1C86-47E6-AFF0-C8E87DD2AA33}.Release|Any CPU.Build.0 = Release|Any CPU
		{C101830F-819E-4EDC-AE72-ACB48878C26D}.Debug|Any CPU.ActiveCfg = Debug|Any CPU
		{C101830F-819E-4EDC-AE72-ACB48878C26D}.Debug|Any CPU.Build.0 = Debug|Any CPU
		{C101830F-819E-4EDC-AE72-ACB48878C26D}.Release|Any CPU.ActiveCfg = Release|Any CPU
		{C101830F-819E-4EDC-AE72-ACB48878C26D}.Release|Any CPU.Build.0 = Release|Any CPU
	EndGlobalSection
	GlobalSection(SolutionProperties) = preSolution
		HideSolutionNode = FALSE
	EndGlobalSection
	GlobalSection(NestedProjects) = preSolution
		{4CC8F7FA-A1C5-4712-9E42-20D4FB741C75} = {5CF4027A-099C-43D9-8515-1E21E8E61682}
		{527E13DE-373F-4BD9-B5C4-F99A25917F90} = {5CF4027A-099C-43D9-8515-1E21E8E61682}
		{024D8A2E-8B98-41CE-8942-415EA2BF1B97} = {6B2ED077-E0F7-4A43-B0B3-98320E433F5E}
		{88DEE8FE-8173-42D8-9DE6-822E8FE4CD9D} = {024D8A2E-8B98-41CE-8942-415EA2BF1B97}
		{E400A069-0354-458C-A8DE-ED8E221214F2} = {024D8A2E-8B98-41CE-8942-415EA2BF1B97}
		{0DB63D09-E4FB-416A-B3C3-EC1D858D78CC} = {024D8A2E-8B98-41CE-8942-415EA2BF1B97}
		{900ED181-91A4-4D4A-B025-6BC31D9D578B} = {024D8A2E-8B98-41CE-8942-415EA2BF1B97}
		{EFFA5EFB-B10F-4E80-B575-CE8A1D75CB0E} = {024D8A2E-8B98-41CE-8942-415EA2BF1B97}
		{5795688F-912E-4616-B9CE-FECFD2CC48D4} = {D3396D0A-A221-42DC-AD22-9530C735FFCD}
		{0CDFA760-74D8-445E-95B0-C640DDCD4309} = {88DEE8FE-8173-42D8-9DE6-822E8FE4CD9D}
		{88057651-E224-4D0F-99D8-360A2D0617A1} = {E400A069-0354-458C-A8DE-ED8E221214F2}
		{50EF084D-5494-45EA-882E-6D10BDFC53FD} = {0DB63D09-E4FB-416A-B3C3-EC1D858D78CC}
		{F661A5BD-3419-4086-9DEC-70B6EF8AFB50} = {900ED181-91A4-4D4A-B025-6BC31D9D578B}
		{9D7EA5AD-6A8B-4083-B805-7FE4433D69B8} = {900ED181-91A4-4D4A-B025-6BC31D9D578B}
		{ADF764ED-1C86-47E6-AFF0-C8E87DD2AA33} = {900ED181-91A4-4D4A-B025-6BC31D9D578B}
	EndGlobalSection
	GlobalSection(ExtensibilityGlobals) = postSolution
		SolutionGuid = {9F8B368A-BED8-408B-811D-C716374E6F5B}
	EndGlobalSection
EndGlobal
